
Microsoft Visual Studio Solution File, Format Version 12.00
# Visual Studio Version 17
VisualStudioVersion = 17.7.34031.279
MinimumVisualStudioVersion = 10.0.40219.1
Project("{FAE04EC0-301F-11D3-BF4B-00C04F79EFBC}") = "RandomDistributionAnalysis", "RandomDistributionAnalysis\RandomDistributionAnalysis.csproj", "{1BB771B0-1D58-4E15-A451-30D54EAFFBFD}"
EndProject
Global
	GlobalSection(SolutionConfigurationPlatforms) = preSolution
		Debug|Any CPU = Debug|Any CPU
		Release|Any CPU = Release|Any CPU
	EndGlobalSection
	GlobalSection(ProjectConfigurationPlatforms) = postSolution
		{1BB771B0-1D58-4E15-A451-30D54EAFFBFD}.Debug|Any CPU.ActiveCfg = Debug|Any CPU
		{1BB771B0-1D58-4E15-A451-30D54EAFFBFD}.Debug|Any CPU.Build.0 = Debug|Any CPU
		{1BB771B0-1D58-4E15-A451-30D54EAFFBFD}.Release|Any CPU.ActiveCfg = Release|Any CPU
		{1BB771B0-1D58-4E15-A451-30D54EAFFBFD}.Release|Any CPU.Build.0 = Release|Any CPU
	EndGlobalSection
	GlobalSection(SolutionProperties) = preSolution
		HideSolutionNode = FALSE
	EndGlobalSection
	GlobalSection(ExtensibilityGlobals) = postSolution
		SolutionGuid = {4F8FACAF-B6E9-47CB-A0B2-A6FD09614BDF}
	EndGlobalSection
EndGlobal
